
Microsoft Visual Studio Solution File, Format Version 12.00
# Visual Studio Version 17
VisualStudioVersion = 17.4.33213.308
MinimumVisualStudioVersion = 10.0.40219.1
Project("{FAE04EC0-301F-11D3-BF4B-00C04F79EFBC}") = "PersonEntityWithJquery", "PersonEntityWithJquery\PersonEntityWithJquery.csproj", "{757927EC-74EA-475A-87ED-42A95241CCE7}"
EndProject
Global
	GlobalSection(SolutionConfigurationPlatforms) = preSolution
		Debug|Any CPU = Debug|Any CPU
		Release|Any CPU = Release|Any CPU
	EndGlobalSection
	GlobalSection(ProjectConfigurationPlatforms) = postSolution
		{757927EC-74EA-475A-87ED-42A95241CCE7}.Debug|Any CPU.ActiveCfg = Debug|Any CPU
		{757927EC-74EA-475A-87ED-42A95241CCE7}.Debug|Any CPU.Build.0 = Debug|Any CPU
		{757927EC-74EA-475A-87ED-42A95241CCE7}.Release|Any CPU.ActiveCfg = Release|Any CPU
		{757927EC-74EA-475A-87ED-42A95241CCE7}.Release|Any CPU.Build.0 = Release|Any CPU
	EndGlobalSection
	GlobalSection(SolutionProperties) = preSolution
		HideSolutionNode = FALSE
	EndGlobalSection
	GlobalSection(ExtensibilityGlobals) = postSolution
		SolutionGuid = {2BF10B9D-BDC1-496B-B0A3-C25563505BDA}
	EndGlobalSection
EndGlobal
